
Microsoft Visual Studio Solution File, Format Version 12.00
# Visual Studio Version 17
VisualStudioVersion = 17.0.31903.59
MinimumVisualStudioVersion = 10.0.40219.1
Project("{2150E333-8FDC-42A3-9474-1A3956D46DE8}") = "src", "src", "{05134C04-8B1F-444C-8648-E6204D8E6181}"
EndProject
Project("{FAE04EC0-301F-11D3-BF4B-00C04F79EFBC}") = "LaBot.Api", "src\LaBot.Api\LaBot.Api.csproj", "{9181F94F-968D-41FB-BB71-C1B09560EC23}"
EndProject
Project("{FAE04EC0-301F-11D3-BF4B-00C04F79EFBC}") = "LaBot.Application", "src\LaBot.Application\LaBot.Application.csproj", "{53D705B0-0B87-4E8A-A2BC-12946958B4F4}"
EndProject
Project("{FAE04EC0-301F-11D3-BF4B-00C04F79EFBC}") = "LaBot.Domain", "src\LaBot.Domain\LaBot.Domain.csproj", "{7A4D90B9-3D09-4E20-AE0A-7457E300349C}"
EndProject
Project("{FAE04EC0-301F-11D3-BF4B-00C04F79EFBC}") = "LaBot.Exchanges.BingX", "src\LaBot.Exchanges.BingX\LaBot.Exchanges.BingX.csproj", "{CBDAC895-3741-4C2A-9288-656F21D9103F}"
EndProject
Project("{FAE04EC0-301F-11D3-BF4B-00C04F79EFBC}") = "LaBot.Exchanges.Bitget", "src\LaBot.Exchanges.Bitget\LaBot.Exchanges.Bitget.csproj", "{92F8116E-21FC-466B-BBB9-7B069F7E49EB}"
EndProject
Project("{FAE04EC0-301F-11D3-BF4B-00C04F79EFBC}") = "LaBot.Exchanges.Core", "src\LaBot.Exchanges.Core\LaBot.Exchanges.Core.csproj", "{B0AEBC34-6216-44E0-9E02-C7F9A77AF88A}"
EndProject
Project("{FAE04EC0-301F-11D3-BF4B-00C04F79EFBC}") = "LaBot.Infrastructure", "src\LaBot.Infrastructure\LaBot.Infrastructure.csproj", "{D5CC2546-3381-4B95-B5E1-9CA30AB170D1}"
EndProject
Project("{FAE04EC0-301F-11D3-BF4B-00C04F79EFBC}") = "LaBot.Web", "src\LaBot.Web\LaBot.Web.csproj", "{91A51F4B-5005-4B0A-883A-5AC08494FBEC}"
EndProject
Project("{FAE04EC0-301F-11D3-BF4B-00C04F79EFBC}") = "LaBot.Worker", "src\LaBot.Worker\LaBot.Worker.csproj", "{EDF6C84C-4E39-4FCC-98F1-56A225F7FEB0}"
EndProject
Project("{2150E333-8FDC-42A3-9474-1A3956D46DE8}") = "tests", "tests", "{59BA672F-EFF3-4362-8F09-B041D281B74B}"
EndProject
Project("{FAE04EC0-301F-11D3-BF4B-00C04F79EFBC}") = "LaBot.Application.Tests", "tests\LaBot.Application.Tests\LaBot.Application.Tests.csproj", "{F9D257B1-A801-4A63-A9F2-C919ADEF6824}"
EndProject
Project("{FAE04EC0-301F-11D3-BF4B-00C04F79EFBC}") = "LaBot.Domain.Tests", "tests\LaBot.Domain.Tests\LaBot.Domain.Tests.csproj", "{CCB9B6EF-FD22-4CF5-889E-846FABD7EBFC}"
EndProject
Project("{FAE04EC0-301F-11D3-BF4B-00C04F79EFBC}") = "LaBot.Infrastructure.Tests", "tests\LaBot.Infrastructure.Tests\LaBot.Infrastructure.Tests.csproj", "{5F57653D-88B0-4640-ACD2-2FAE330C88FA}"
EndProject
Project("{FAE04EC0-301F-11D3-BF4B-00C04F79EFBC}") = "LaBot.Integration.Tests", "tests\LaBot.Integration.Tests\LaBot.Integration.Tests.csproj", "{92D5C005-A52B-4285-B991-8E94A4BA03F1}"
EndProject
Global
	GlobalSection(SolutionConfigurationPlatforms) = preSolution
		Debug|Any CPU = Debug|Any CPU
		Release|Any CPU = Release|Any CPU
	EndGlobalSection
	GlobalSection(SolutionProperties) = preSolution
		HideSolutionNode = FALSE
	EndGlobalSection
	GlobalSection(ProjectConfigurationPlatforms) = postSolution
		{9181F94F-968D-41FB-BB71-C1B09560EC23}.Debug|Any CPU.ActiveCfg = Debug|Any CPU
		{9181F94F-968D-41FB-BB71-C1B09560EC23}.Debug|Any CPU.Build.0 = Debug|Any CPU
		{9181F94F-968D-41FB-BB71-C1B09560EC23}.Release|Any CPU.ActiveCfg = Release|Any CPU
		{9181F94F-968D-41FB-BB71-C1B09560EC23}.Release|Any CPU.Build.0 = Release|Any CPU
		{53D705B0-0B87-4E8A-A2BC-12946958B4F4}.Debug|Any CPU.ActiveCfg = Debug|Any CPU
		{53D705B0-0B87-4E8A-A2BC-12946958B4F4}.Debug|Any CPU.Build.0 = Debug|Any CPU
		{53D705B0-0B87-4E8A-A2BC-12946958B4F4}.Release|Any CPU.ActiveCfg = Release|Any CPU
		{53D705B0-0B87-4E8A-A2BC-12946958B4F4}.Release|Any CPU.Build.0 = Release|Any CPU
		{7A4D90B9-3D09-4E20-AE0A-7457E300349C}.Debug|Any CPU.ActiveCfg = Debug|Any CPU
		{7A4D90B9-3D09-4E20-AE0A-7457E300349C}.Debug|Any CPU.Build.0 = Debug|Any CPU
		{7A4D90B9-3D09-4E20-AE0A-7457E300349C}.Release|Any CPU.ActiveCfg = Release|Any CPU
		{7A4D90B9-3D09-4E20-AE0A-7457E300349C}.Release|Any CPU.Build.0 = Release|Any CPU
		{CBDAC895-3741-4C2A-9288-656F21D9103F}.Debug|Any CPU.ActiveCfg = Debug|Any CPU
		{CBDAC895-3741-4C2A-9288-656F21D9103F}.Debug|Any CPU.Build.0 = Debug|Any CPU
		{CBDAC895-3741-4C2A-9288-656F21D9103F}.Release|Any CPU.ActiveCfg = Release|Any CPU
		{CBDAC895-3741-4C2A-9288-656F21D9103F}.Release|Any CPU.Build.0 = Release|Any CPU
		{92F8116E-21FC-466B-BBB9-7B069F7E49EB}.Debug|Any CPU.ActiveCfg = Debug|Any CPU
		{92F8116E-21FC-466B-BBB9-7B069F7E49EB}.Debug|Any CPU.Build.0 = Debug|Any CPU
		{92F8116E-21FC-466B-BBB9-7B069F7E49EB}.Release|Any CPU.ActiveCfg = Release|Any CPU
		{92F8116E-21FC-466B-BBB9-7B069F7E49EB}.Release|Any CPU.Build.0 = Release|Any CPU
		{B0AEBC34-6216-44E0-9E02-C7F9A77AF88A}.Debug|Any CPU.ActiveCfg = Debug|Any CPU
		{B0AEBC34-6216-44E0-9E02-C7F9A77AF88A}.Debug|Any CPU.Build.0 = Debug|Any CPU
		{B0AEBC34-6216-44E0-9E02-C7F9A77AF88A}.Release|Any CPU.ActiveCfg = Release|Any CPU
		{B0AEBC34-6216-44E0-9E02-C7F9A77AF88A}.Release|Any CPU.Build.0 = Release|Any CPU
		{D5CC2546-3381-4B95-B5E1-9CA30AB170D1}.Debug|Any CPU.ActiveCfg = Debug|Any CPU
		{D5CC2546-3381-4B95-B5E1-9CA30AB170D1}.Debug|Any CPU.Build.0 = Debug|Any CPU
		{D5CC2546-3381-4B95-B5E1-9CA30AB170D1}.Release|Any CPU.ActiveCfg = Release|Any CPU
		{D5CC2546-3381-4B95-B5E1-9CA30AB170D1}.Release|Any CPU.Build.0 = Release|Any CPU
		{91A51F4B-5005-4B0A-883A-5AC08494FBEC}.Debug|Any CPU.ActiveCfg = Debug|Any CPU
		{91A51F4B-5005-4B0A-883A-5AC08494FBEC}.Debug|Any CPU.Build.0 = Debug|Any CPU
		{91A51F4B-5005-4B0A-883A-5AC08494FBEC}.Release|Any CPU.ActiveCfg = Release|Any CPU
		{91A51F4B-5005-4B0A-883A-5AC08494FBEC}.Release|Any CPU.Build.0 = Release|Any CPU
		{EDF6C84C-4E39-4FCC-98F1-56A225F7FEB0}.Debug|Any CPU.ActiveCfg = Debug|Any CPU
		{EDF6C84C-4E39-4FCC-98F1-56A225F7FEB0}.Debug|Any CPU.Build.0 = Debug|Any CPU
		{EDF6C84C-4E39-4FCC-98F1-56A225F7FEB0}.Release|Any CPU.ActiveCfg = Release|Any CPU
		{EDF6C84C-4E39-4FCC-98F1-56A225F7FEB0}.Release|Any CPU.Build.0 = Release|Any CPU
		{F9D257B1-A801-4A63-A9F2-C919ADEF6824}.Debug|Any CPU.ActiveCfg = Debug|Any CPU
		{F9D257B1-A801-4A63-A9F2-C919ADEF6824}.Debug|Any CPU.Build.0 = Debug|Any CPU
		{F9D257B1-A801-4A63-A9F2-C919ADEF6824}.Release|Any CPU.ActiveCfg = Release|Any CPU
		{F9D257B1-A801-4A63-A9F2-C919ADEF6824}.Release|Any CPU.Build.0 = Release|Any CPU
		{CCB9B6EF-FD22-4CF5-889E-846FABD7EBFC}.Debug|Any CPU.ActiveCfg = Debug|Any CPU
		{CCB9B6EF-FD22-4CF5-889E-846FABD7EBFC}.Debug|Any CPU.Build.0 = Debug|Any CPU
		{CCB9B6EF-FD22-4CF5-889E-846FABD7EBFC}.Release|Any CPU.ActiveCfg = Release|Any CPU
		{CCB9B6EF-FD22-4CF5-889E-846FABD7EBFC}.Release|Any CPU.Build.0 = Release|Any CPU
		{5F57653D-88B0-4640-ACD2-2FAE330C88FA}.Debug|Any CPU.ActiveCfg = Debug|Any CPU
		{5F57653D-88B0-4640-ACD2-2FAE330C88FA}.Debug|Any CPU.Build.0 = Debug|Any CPU
		{5F57653D-88B0-4640-ACD2-2FAE330C88FA}.Release|Any CPU.ActiveCfg = Release|Any CPU
		{5F57653D-88B0-4640-ACD2-2FAE330C88FA}.Release|Any CPU.Build.0 = Release|Any CPU
		{92D5C005-A52B-4285-B991-8E94A4BA03F1}.Debug|Any CPU.ActiveCfg = Debug|Any CPU
		{92D5C005-A52B-4285-B991-8E94A4BA03F1}.Debug|Any CPU.Build.0 = Debug|Any CPU
		{92D5C005-A52B-4285-B991-8E94A4BA03F1}.Release|Any CPU.ActiveCfg = Release|Any CPU
		{92D5C005-A52B-4285-B991-8E94A4BA03F1}.Release|Any CPU.Build.0 = Release|Any CPU
	EndGlobalSection
	GlobalSection(NestedProjects) = preSolution
		{9181F94F-968D-41FB-BB71-C1B09560EC23} = {05134C04-8B1F-444C-8648-E6204D8E6181}
		{53D705B0-0B87-4E8A-A2BC-12946958B4F4} = {05134C04-8B1F-444C-8648-E6204D8E6181}
		{7A4D90B9-3D09-4E20-AE0A-7457E300349C} = {05134C04-8B1F-444C-8648-E6204D8E6181}
		{CBDAC895-3741-4C2A-9288-656F21D9103F} = {05134C04-8B1F-444C-8648-E6204D8E6181}
		{92F8116E-21FC-466B-BBB9-7B069F7E49EB} = {05134C04-8B1F-444C-8648-E6204D8E6181}
		{B0AEBC34-6216-44E0-9E02-C7F9A77AF88A} = {05134C04-8B1F-444C-8648-E6204D8E6181}
		{D5CC2546-3381-4B95-B5E1-9CA30AB170D1} = {05134C04-8B1F-444C-8648-E6204D8E6181}
		{91A51F4B-5005-4B0A-883A-5AC08494FBEC} = {05134C04-8B1F-444C-8648-E6204D8E6181}
		{EDF6C84C-4E39-4FCC-98F1-56A225F7FEB0} = {05134C04-8B1F-444C-8648-E6204D8E6181}
		{F9D257B1-A801-4A63-A9F2-C919ADEF6824} = {59BA672F-EFF3-4362-8F09-B041D281B74B}
		{CCB9B6EF-FD22-4CF5-889E-846FABD7EBFC} = {59BA672F-EFF3-4362-8F09-B041D281B74B}
		{5F57653D-88B0-4640-ACD2-2FAE330C88FA} = {59BA672F-EFF3-4362-8F09-B041D281B74B}
		{92D5C005-A52B-4285-B991-8E94A4BA03F1} = {59BA672F-EFF3-4362-8F09-B041D281B74B}
	EndGlobalSection
EndGlobal
