
Microsoft Visual Studio Solution File, Format Version 12.00
# Visual Studio Version 17
VisualStudioVersion = 17.0.31903.59
MinimumVisualStudioVersion = 10.0.40219.1
Project("{2150E333-8FDC-42A3-9474-1A3956D46DE8}") = "src", "src", "{E5459E17-5D96-4E89-BE71-F4C40E1F7285}"
EndProject
Project("{FAE04EC0-301F-11D3-BF4B-00C04F79EFBC}") = "LaBot.Api", "src\LaBot.Api\LaBot.Api.csproj", "{6B717A97-E064-4C6F-89C7-5D656A626B3D}"
EndProject
Project("{FAE04EC0-301F-11D3-BF4B-00C04F79EFBC}") = "LaBot.Application", "src\LaBot.Application\LaBot.Application.csproj", "{F28B9AC2-AFA3-4D45-8908-671E91A31F31}"
EndProject
Project("{FAE04EC0-301F-11D3-BF4B-00C04F79EFBC}") = "LaBot.Domain", "src\LaBot.Domain\LaBot.Domain.csproj", "{A02E63BD-CA47-4BC1-9861-5361E6D24DC8}"
EndProject
Project("{FAE04EC0-301F-11D3-BF4B-00C04F79EFBC}") = "LaBot.Exchanges.BingX", "src\LaBot.Exchanges.BingX\LaBot.Exchanges.BingX.csproj", "{0C6375A4-2851-4D76-BF57-814A4FEA1FD3}"
EndProject
Project("{FAE04EC0-301F-11D3-BF4B-00C04F79EFBC}") = "LaBot.Exchanges.Bitget", "src\LaBot.Exchanges.Bitget\LaBot.Exchanges.Bitget.csproj", "{16B10F70-6EA6-4BE0-8E96-9246CA8A14FF}"
EndProject
Project("{FAE04EC0-301F-11D3-BF4B-00C04F79EFBC}") = "LaBot.Exchanges.Core", "src\LaBot.Exchanges.Core\LaBot.Exchanges.Core.csproj", "{25478799-C3E6-42BF-B5A1-DF1D062C86B4}"
EndProject
Project("{FAE04EC0-301F-11D3-BF4B-00C04F79EFBC}") = "LaBot.Infrastructure", "src\LaBot.Infrastructure\LaBot.Infrastructure.csproj", "{646E3408-24C6-4C69-A8EA-FA9684A37E36}"
EndProject
Project("{FAE04EC0-301F-11D3-BF4B-00C04F79EFBC}") = "LaBot.Web", "src\LaBot.Web\LaBot.Web.csproj", "{4A71CC5D-76A1-4B0B-A76C-ABAA1AFB5952}"
EndProject
Project("{FAE04EC0-301F-11D3-BF4B-00C04F79EFBC}") = "LaBot.Worker", "src\LaBot.Worker\LaBot.Worker.csproj", "{7ECB7EF2-188E-4E9E-A231-5D9EE5604FBC}"
EndProject
Project("{2150E333-8FDC-42A3-9474-1A3956D46DE8}") = "tests", "tests", "{10CDA6CC-F348-4ADB-BBA5-E8DE94635311}"
EndProject
Project("{FAE04EC0-301F-11D3-BF4B-00C04F79EFBC}") = "LaBot.Application.Tests", "tests\LaBot.Application.Tests\LaBot.Application.Tests.csproj", "{E9C46812-0987-4360-82A0-E5295AB0C0B6}"
EndProject
Project("{FAE04EC0-301F-11D3-BF4B-00C04F79EFBC}") = "LaBot.Domain.Tests", "tests\LaBot.Domain.Tests\LaBot.Domain.Tests.csproj", "{D5095851-147A-40CF-9D12-346BE252ACBE}"
EndProject
Project("{FAE04EC0-301F-11D3-BF4B-00C04F79EFBC}") = "LaBot.Infrastructure.Tests", "tests\LaBot.Infrastructure.Tests\LaBot.Infrastructure.Tests.csproj", "{518A5D03-201B-468E-8C63-B42BE7750667}"
EndProject
Project("{FAE04EC0-301F-11D3-BF4B-00C04F79EFBC}") = "LaBot.Integration.Tests", "tests\LaBot.Integration.Tests\LaBot.Integration.Tests.csproj", "{C50B6C0C-0C15-43EC-8AFC-3E3A75BA6221}"
EndProject
Global
	GlobalSection(SolutionConfigurationPlatforms) = preSolution
		Debug|Any CPU = Debug|Any CPU
		Release|Any CPU = Release|Any CPU
	EndGlobalSection
	GlobalSection(SolutionProperties) = preSolution
		HideSolutionNode = FALSE
	EndGlobalSection
	GlobalSection(ProjectConfigurationPlatforms) = postSolution
		{6B717A97-E064-4C6F-89C7-5D656A626B3D}.Debug|Any CPU.ActiveCfg = Debug|Any CPU
		{6B717A97-E064-4C6F-89C7-5D656A626B3D}.Debug|Any CPU.Build.0 = Debug|Any CPU
		{6B717A97-E064-4C6F-89C7-5D656A626B3D}.Release|Any CPU.ActiveCfg = Release|Any CPU
		{6B717A97-E064-4C6F-89C7-5D656A626B3D}.Release|Any CPU.Build.0 = Release|Any CPU
		{F28B9AC2-AFA3-4D45-8908-671E91A31F31}.Debug|Any CPU.ActiveCfg = Debug|Any CPU
		{F28B9AC2-AFA3-4D45-8908-671E91A31F31}.Debug|Any CPU.Build.0 = Debug|Any CPU
		{F28B9AC2-AFA3-4D45-8908-671E91A31F31}.Release|Any CPU.ActiveCfg = Release|Any CPU
		{F28B9AC2-AFA3-4D45-8908-671E91A31F31}.Release|Any CPU.Build.0 = Release|Any CPU
		{A02E63BD-CA47-4BC1-9861-5361E6D24DC8}.Debug|Any CPU.ActiveCfg = Debug|Any CPU
		{A02E63BD-CA47-4BC1-9861-5361E6D24DC8}.Debug|Any CPU.Build.0 = Debug|Any CPU
		{A02E63BD-CA47-4BC1-9861-5361E6D24DC8}.Release|Any CPU.ActiveCfg = Release|Any CPU
		{A02E63BD-CA47-4BC1-9861-5361E6D24DC8}.Release|Any CPU.Build.0 = Release|Any CPU
		{0C6375A4-2851-4D76-BF57-814A4FEA1FD3}.Debug|Any CPU.ActiveCfg = Debug|Any CPU
		{0C6375A4-2851-4D76-BF57-814A4FEA1FD3}.Debug|Any CPU.Build.0 = Debug|Any CPU
		{0C6375A4-2851-4D76-BF57-814A4FEA1FD3}.Release|Any CPU.ActiveCfg = Release|Any CPU
		{0C6375A4-2851-4D76-BF57-814A4FEA1FD3}.Release|Any CPU.Build.0 = Release|Any CPU
		{16B10F70-6EA6-4BE0-8E96-9246CA8A14FF}.Debug|Any CPU.ActiveCfg = Debug|Any CPU
		{16B10F70-6EA6-4BE0-8E96-9246CA8A14FF}.Debug|Any CPU.Build.0 = Debug|Any CPU
		{16B10F70-6EA6-4BE0-8E96-9246CA8A14FF}.Release|Any CPU.ActiveCfg = Release|Any CPU
		{16B10F70-6EA6-4BE0-8E96-9246CA8A14FF}.Release|Any CPU.Build.0 = Release|Any CPU
		{25478799-C3E6-42BF-B5A1-DF1D062C86B4}.Debug|Any CPU.ActiveCfg = Debug|Any CPU
		{25478799-C3E6-42BF-B5A1-DF1D062C86B4}.Debug|Any CPU.Build.0 = Debug|Any CPU
		{25478799-C3E6-42BF-B5A1-DF1D062C86B4}.Release|Any CPU.ActiveCfg = Release|Any CPU
		{25478799-C3E6-42BF-B5A1-DF1D062C86B4}.Release|Any CPU.Build.0 = Release|Any CPU
		{646E3408-24C6-4C69-A8EA-FA9684A37E36}.Debug|Any CPU.ActiveCfg = Debug|Any CPU
		{646E3408-24C6-4C69-A8EA-FA9684A37E36}.Debug|Any CPU.Build.0 = Debug|Any CPU
		{646E3408-24C6-4C69-A8EA-FA9684A37E36}.Release|Any CPU.ActiveCfg = Release|Any CPU
		{646E3408-24C6-4C69-A8EA-FA9684A37E36}.Release|Any CPU.Build.0 = Release|Any CPU
		{4A71CC5D-76A1-4B0B-A76C-ABAA1AFB5952}.Debug|Any CPU.ActiveCfg = Debug|Any CPU
		{4A71CC5D-76A1-4B0B-A76C-ABAA1AFB5952}.Debug|Any CPU.Build.0 = Debug|Any CPU
		{4A71CC5D-76A1-4B0B-A76C-ABAA1AFB5952}.Release|Any CPU.ActiveCfg = Release|Any CPU
		{4A71CC5D-76A1-4B0B-A76C-ABAA1AFB5952}.Release|Any CPU.Build.0 = Release|Any CPU
		{7ECB7EF2-188E-4E9E-A231-5D9EE5604FBC}.Debug|Any CPU.ActiveCfg = Debug|Any CPU
		{7ECB7EF2-188E-4E9E-A231-5D9EE5604FBC}.Debug|Any CPU.Build.0 = Debug|Any CPU
		{7ECB7EF2-188E-4E9E-A231-5D9EE5604FBC}.Release|Any CPU.ActiveCfg = Release|Any CPU
		{7ECB7EF2-188E-4E9E-A231-5D9EE5604FBC}.Release|Any CPU.Build.0 = Release|Any CPU
		{E9C46812-0987-4360-82A0-E5295AB0C0B6}.Debug|Any CPU.ActiveCfg = Debug|Any CPU
		{E9C46812-0987-4360-82A0-E5295AB0C0B6}.Debug|Any CPU.Build.0 = Debug|Any CPU
		{E9C46812-0987-4360-82A0-E5295AB0C0B6}.Release|Any CPU.ActiveCfg = Release|Any CPU
		{E9C46812-0987-4360-82A0-E5295AB0C0B6}.Release|Any CPU.Build.0 = Release|Any CPU
		{D5095851-147A-40CF-9D12-346BE252ACBE}.Debug|Any CPU.ActiveCfg = Debug|Any CPU
		{D5095851-147A-40CF-9D12-346BE252ACBE}.Debug|Any CPU.Build.0 = Debug|Any CPU
		{D5095851-147A-40CF-9D12-346BE252ACBE}.Release|Any CPU.ActiveCfg = Release|Any CPU
		{D5095851-147A-40CF-9D12-346BE252ACBE}.Release|Any CPU.Build.0 = Release|Any CPU
		{518A5D03-201B-468E-8C63-B42BE7750667}.Debug|Any CPU.ActiveCfg = Debug|Any CPU
		{518A5D03-201B-468E-8C63-B42BE7750667}.Debug|Any CPU.Build.0 = Debug|Any CPU
		{518A5D03-201B-468E-8C63-B42BE7750667}.Release|Any CPU.ActiveCfg = Release|Any CPU
		{518A5D03-201B-468E-8C63-B42BE7750667}.Release|Any CPU.Build.0 = Release|Any CPU
		{C50B6C0C-0C15-43EC-8AFC-3E3A75BA6221}.Debug|Any CPU.ActiveCfg = Debug|Any CPU
		{C50B6C0C-0C15-43EC-8AFC-3E3A75BA6221}.Debug|Any CPU.Build.0 = Debug|Any CPU
		{C50B6C0C-0C15-43EC-8AFC-3E3A75BA6221}.Release|Any CPU.ActiveCfg = Release|Any CPU
		{C50B6C0C-0C15-43EC-8AFC-3E3A75BA6221}.Release|Any CPU.Build.0 = Release|Any CPU
	EndGlobalSection
	GlobalSection(NestedProjects) = preSolution
		{6B717A97-E064-4C6F-89C7-5D656A626B3D} = {E5459E17-5D96-4E89-BE71-F4C40E1F7285}
		{F28B9AC2-AFA3-4D45-8908-671E91A31F31} = {E5459E17-5D96-4E89-BE71-F4C40E1F7285}
		{A02E63BD-CA47-4BC1-9861-5361E6D24DC8} = {E5459E17-5D96-4E89-BE71-F4C40E1F7285}
		{0C6375A4-2851-4D76-BF57-814A4FEA1FD3} = {E5459E17-5D96-4E89-BE71-F4C40E1F7285}
		{16B10F70-6EA6-4BE0-8E96-9246CA8A14FF} = {E5459E17-5D96-4E89-BE71-F4C40E1F7285}
		{25478799-C3E6-42BF-B5A1-DF1D062C86B4} = {E5459E17-5D96-4E89-BE71-F4C40E1F7285}
		{646E3408-24C6-4C69-A8EA-FA9684A37E36} = {E5459E17-5D96-4E89-BE71-F4C40E1F7285}
		{4A71CC5D-76A1-4B0B-A76C-ABAA1AFB5952} = {E5459E17-5D96-4E89-BE71-F4C40E1F7285}
		{7ECB7EF2-188E-4E9E-A231-5D9EE5604FBC} = {E5459E17-5D96-4E89-BE71-F4C40E1F7285}
		{E9C46812-0987-4360-82A0-E5295AB0C0B6} = {10CDA6CC-F348-4ADB-BBA5-E8DE94635311}
		{D5095851-147A-40CF-9D12-346BE252ACBE} = {10CDA6CC-F348-4ADB-BBA5-E8DE94635311}
		{518A5D03-201B-468E-8C63-B42BE7750667} = {10CDA6CC-F348-4ADB-BBA5-E8DE94635311}
		{C50B6C0C-0C15-43EC-8AFC-3E3A75BA6221} = {10CDA6CC-F348-4ADB-BBA5-E8DE94635311}
	EndGlobalSection
EndGlobal
